
Microsoft Visual Studio Solution File, Format Version 12.00
# Visual Studio Version 17
VisualStudioVersion = 17.5.002.0
MinimumVisualStudioVersion = 10.0.40219.1
Project("{9A19103F-16F7-4668-BE54-9A1E7A4F7556}") = "web", "web.csproj", "{944FE6A8-FB8C-4CEF-8ED1-637DFFE99593}"
EndProject
Global
	GlobalSection(SolutionConfigurationPlatforms) = preSolution
		Debug|Any CPU = Debug|Any CPU
		Release|Any CPU = Release|Any CPU
	EndGlobalSection
	GlobalSection(ProjectConfigurationPlatforms) = postSolution
		{944FE6A8-FB8C-4CEF-8ED1-637DFFE99593}.Debug|Any CPU.ActiveCfg = Debug|Any CPU
		{944FE6A8-FB8C-4CEF-8ED1-637DFFE99593}.Debug|Any CPU.Build.0 = Debug|Any CPU
		{944FE6A8-FB8C-4CEF-8ED1-637DFFE99593}.Release|Any CPU.ActiveCfg = Release|Any CPU
		{944FE6A8-FB8C-4CEF-8ED1-637DFFE99593}.Release|Any CPU.Build.0 = Release|Any CPU
	EndGlobalSection
	GlobalSection(SolutionProperties) = preSolution
		HideSolutionNode = FALSE
	EndGlobalSection
	GlobalSection(ExtensibilityGlobals) = postSolution
		SolutionGuid = {4BE0AC69-51FD-4918-9C3D-C8FAC7E418BE}
	EndGlobalSection
EndGlobal
